# 🔒 BRAND-LOCK – geschützte Marken-Bausteine (Single Source of Truth)
# Geändert/ausgeweitet wird NUR über: python3 scripts/brand_guard.py --set-current
# (Autowiederherstellung bei Abweichung: siehe scripts/brand_guard.py)
# Sektion asset:<pfad> = SHA-256 der kanonischen Marken-Artefakte (bake_brand.py)

- key: homeInfoParams.Title
  expected: "Einmal im Jahr vergleichen: dein Spar-Check für Strom, Gas & Versicherung"
- key: homeInfoParams.Content
  expected: "🧾 Ein Nachmittag Vertrags-Check deckt oft bis zu 2.000 € Sparpotenzial im Jahr auf. FranksFinanzcheck zerlegt **Strom, Gas, Internet, Versicherungen und Konto** in konkrete Euro-Beträge, ehrliche Vor- und Nachteile und klare Anleitungen, geprüft aus über 10 Jahren eigener Finanzpraxis.\\n\\nEin kompletter Check an einem Tag bringt erfahrungsgemäß mehr als viele kleine spontane Wechsel übers Jahr verteilt. Montags, mittwochs und freitags gibt es einen neuen Ratgeber mit Schritt-für-Schritt-Anleitungen zum direkten Umsetzen. Kein Fachchinesisch, kein Verkaufsdruck.\\n\\nStöbere durch die Ratgeber – dein Geld arbeitet ab heute für dich, nicht umgekehrt. 🚀"
- key: params.description
  expected: "Geld sparen leicht gemacht: Praxis-Ratgeber für Strom, Gas, DSL, Versicherungen & Finanzen – unabhängig, verständlich, mit konkreten Euro-Beträgen."
- key: params.disclaimer
  expected: "Hinweis: Dieser Blog enthält Affiliate-Links (Werbung). Wenn du über einen Link etwas bei CHECK24 buchst oder abschließt, erhalten wir eine Provision – für dich entstehen keine Mehrkosten. Unsere Empfehlungen bleiben davon unabhängig."
- key: asset:static/images/brand/logo.svg
  expected: "0c5dfc6dbb853a6c37a978f6fc70faa0af64a752be9715a30b2b12c9bf68bcf5"
- key: asset:static/images/brand/logo-light.svg
  expected: "fbcf9f4d3c82eb10a4b600ac027ee61afb7dae4a2cef04fe5a7b71fd100fadd4"
- key: asset:static/favicon.svg
  expected: "7cb1626650f3b20a856e792668c914bba8424c060b6c6f0b7c6e04fdfb0fb6d5"
- key: asset:static/apple-touch-icon.png
  expected: "3c2d0bd63fb48baa1e9a47cfb2494d64b5c136be4ed9e621973ad2a54fac4332"
